{"is_source_file": true, "file_id": 48, "git_revision": "decfae5db32ce43fb0f4f3be0a1eebb78df9a2a7", "state": 1, "description": "", "external_files": [], "external_methods": [], "published": [], "classes": [], "methods": [], "calls": [], "search-terms": [], "filename": "/home/kavia/workspace/code-generation/omnibook-ai-16339-5bd977bd/omnibook_ai/post_process_status.lock", "hash": "e9b4c3b42cef0193b7fddb548d37e652", "format-version": 4, "code-base-name": "default", "knowledge_revision": 157}